
Microsoft Visual Studio Solution File, Format Version 12.00
# Visual Studio Version 17
VisualStudioVersion = 17.0.31903.59
MinimumVisualStudioVersion = 10.0.40219.1
Project("{2150E333-8FDC-42A3-9474-1A3956D46DE8}") = "src", "src", "{ED1F48C2-48EC-4FA6-B2FC-1AD3FB78F76F}"
EndProject
Project("{2150E333-8FDC-42A3-9474-1A3956D46DE8}") = "test", "test", "{A1A23085-CDE0-46D0-B97F-A2B902DC7904}"
EndProject
Project("{2150E333-8FDC-42A3-9474-1A3956D46DE8}") = "deployment", "deployment", "{A1D371D1-6ECD-4F02-A668-3F95F538BC08}"
EndProject
Project("{2150E333-8FDC-42A3-9474-1A3956D46DE8}") = "orders", "orders", "{04451DF4-574A-4F15-812D-C2C9AF1A89F1}"
EndProject
Project("{2150E333-8FDC-42A3-9474-1A3956D46DE8}") = "catologs", "catologs", "{8A2A5C17-DA29-41F0-A572-EC228C8AFAE4}"
EndProject
Project("{2150E333-8FDC-42A3-9474-1A3956D46DE8}") = "discounts", "discounts", "{46DDD771-9A22-4271-814D-55A544F60311}"
EndProject
Project("{2150E333-8FDC-42A3-9474-1A3956D46DE8}") = "shoppingCarts", "shoppingCarts", "{9674E643-E4D8-4436-B206-8A2381A13CFE}"
EndProject
Project("{FAE04EC0-301F-11D3-BF4B-00C04F79EFBC}") = "Catalog.API", "src\Catalog\Catalog.API\Catalog.API.csproj", "{00DE2FF0-FA06-4874-AE26-64A4D6081D46}"
EndProject
Project("{FAE04EC0-301F-11D3-BF4B-00C04F79EFBC}") = "Catalog.Domain", "src\Catalog\Catalog.Domain\Catalog.Domain.csproj", "{F320A255-C1EA-4873-B512-0DBD273417E1}"
EndProject
Project("{FAE04EC0-301F-11D3-BF4B-00C04F79EFBC}") = "Catalog.Application", "src\Catalog\Catalog.Application\Catalog.Application.csproj", "{33332F5E-1AE8-4272-97DB-FC60D97A278E}"
EndProject
Project("{FAE04EC0-301F-11D3-BF4B-00C04F79EFBC}") = "Catalog.Infrastructure", "src\Catalog\Catalog.Infrastructure\Catalog.Infrastructure.csproj", "{08CB47CD-7870-4E56-9B09-6717C0AFCD2F}"
EndProject
Project("{FAE04EC0-301F-11D3-BF4B-00C04F79EFBC}") = "Discount.API", "src\Discount\Discount.API\Discount.API.csproj", "{41CD8CD5-AF4B-4766-9809-4DD05FC8342A}"
EndProject
Project("{FAE04EC0-301F-11D3-BF4B-00C04F79EFBC}") = "Discount.Domain", "src\Discount\Discount.Domain\Discount.Domain.csproj", "{480F84D2-F5FD-4A4B-9618-94DEBF911E39}"
EndProject
Project("{FAE04EC0-301F-11D3-BF4B-00C04F79EFBC}") = "Discount.Application", "src\Discount\Discount.Application\Discount.Application.csproj", "{C8589312-632E-4B57-8F46-9DE0F38104A3}"
EndProject
Project("{FAE04EC0-301F-11D3-BF4B-00C04F79EFBC}") = "Discount.Infrastructure", "src\Discount\Discount.Infrastructure\Discount.Infrastructure.csproj", "{8C2BDC11-5E68-4CB4-98E1-3DC23C3E5B6F}"
EndProject
Project("{2150E333-8FDC-42A3-9474-1A3956D46DE8}") = "ApiGateway", "ApiGateway", "{4E851D4F-5322-4799-AB75-6D674B4F19DC}"
EndProject
Project("{FAE04EC0-301F-11D3-BF4B-00C04F79EFBC}") = "ApiGateway.API", "src\ApiGateway\ApiGateway.API\ApiGateway.API.csproj", "{61488072-A499-447C-85D8-E014C2670230}"
EndProject
Global
	GlobalSection(SolutionConfigurationPlatforms) = preSolution
		Debug|Any CPU = Debug|Any CPU
		Release|Any CPU = Release|Any CPU
	EndGlobalSection
	GlobalSection(ProjectConfigurationPlatforms) = postSolution
		{00DE2FF0-FA06-4874-AE26-64A4D6081D46}.Debug|Any CPU.ActiveCfg = Debug|Any CPU
		{00DE2FF0-FA06-4874-AE26-64A4D6081D46}.Debug|Any CPU.Build.0 = Debug|Any CPU
		{00DE2FF0-FA06-4874-AE26-64A4D6081D46}.Release|Any CPU.ActiveCfg = Release|Any CPU
		{00DE2FF0-FA06-4874-AE26-64A4D6081D46}.Release|Any CPU.Build.0 = Release|Any CPU
		{F320A255-C1EA-4873-B512-0DBD273417E1}.Debug|Any CPU.ActiveCfg = Debug|Any CPU
		{F320A255-C1EA-4873-B512-0DBD273417E1}.Debug|Any CPU.Build.0 = Debug|Any CPU
		{F320A255-C1EA-4873-B512-0DBD273417E1}.Release|Any CPU.ActiveCfg = Release|Any CPU
		{F320A255-C1EA-4873-B512-0DBD273417E1}.Release|Any CPU.Build.0 = Release|Any CPU
		{33332F5E-1AE8-4272-97DB-FC60D97A278E}.Debug|Any CPU.ActiveCfg = Debug|Any CPU
		{33332F5E-1AE8-4272-97DB-FC60D97A278E}.Debug|Any CPU.Build.0 = Debug|Any CPU
		{33332F5E-1AE8-4272-97DB-FC60D97A278E}.Release|Any CPU.ActiveCfg = Release|Any CPU
		{33332F5E-1AE8-4272-97DB-FC60D97A278E}.Release|Any CPU.Build.0 = Release|Any CPU
		{08CB47CD-7870-4E56-9B09-6717C0AFCD2F}.Debug|Any CPU.ActiveCfg = Debug|Any CPU
		{08CB47CD-7870-4E56-9B09-6717C0AFCD2F}.Debug|Any CPU.Build.0 = Debug|Any CPU
		{08CB47CD-7870-4E56-9B09-6717C0AFCD2F}.Release|Any CPU.ActiveCfg = Release|Any CPU
		{08CB47CD-7870-4E56-9B09-6717C0AFCD2F}.Release|Any CPU.Build.0 = Release|Any CPU
		{41CD8CD5-AF4B-4766-9809-4DD05FC8342A}.Debug|Any CPU.ActiveCfg = Debug|Any CPU
		{41CD8CD5-AF4B-4766-9809-4DD05FC8342A}.Debug|Any CPU.Build.0 = Debug|Any CPU
		{41CD8CD5-AF4B-4766-9809-4DD05FC8342A}.Release|Any CPU.ActiveCfg = Release|Any CPU
		{41CD8CD5-AF4B-4766-9809-4DD05FC8342A}.Release|Any CPU.Build.0 = Release|Any CPU
		{480F84D2-F5FD-4A4B-9618-94DEBF911E39}.Debug|Any CPU.ActiveCfg = Debug|Any CPU
		{480F84D2-F5FD-4A4B-9618-94DEBF911E39}.Debug|Any CPU.Build.0 = Debug|Any CPU
		{480F84D2-F5FD-4A4B-9618-94DEBF911E39}.Release|Any CPU.ActiveCfg = Release|Any CPU
		{480F84D2-F5FD-4A4B-9618-94DEBF911E39}.Release|Any CPU.Build.0 = Release|Any CPU
		{C8589312-632E-4B57-8F46-9DE0F38104A3}.Debug|Any CPU.ActiveCfg = Debug|Any CPU
		{C8589312-632E-4B57-8F46-9DE0F38104A3}.Debug|Any CPU.Build.0 = Debug|Any CPU
		{C8589312-632E-4B57-8F46-9DE0F38104A3}.Release|Any CPU.ActiveCfg = Release|Any CPU
		{C8589312-632E-4B57-8F46-9DE0F38104A3}.Release|Any CPU.Build.0 = Release|Any CPU
		{8C2BDC11-5E68-4CB4-98E1-3DC23C3E5B6F}.Debug|Any CPU.ActiveCfg = Debug|Any CPU
		{8C2BDC11-5E68-4CB4-98E1-3DC23C3E5B6F}.Debug|Any CPU.Build.0 = Debug|Any CPU
		{8C2BDC11-5E68-4CB4-98E1-3DC23C3E5B6F}.Release|Any CPU.ActiveCfg = Release|Any CPU
		{8C2BDC11-5E68-4CB4-98E1-3DC23C3E5B6F}.Release|Any CPU.Build.0 = Release|Any CPU
		{61488072-A499-447C-85D8-E014C2670230}.Debug|Any CPU.ActiveCfg = Debug|Any CPU
		{61488072-A499-447C-85D8-E014C2670230}.Debug|Any CPU.Build.0 = Debug|Any CPU
		{61488072-A499-447C-85D8-E014C2670230}.Release|Any CPU.ActiveCfg = Release|Any CPU
		{61488072-A499-447C-85D8-E014C2670230}.Release|Any CPU.Build.0 = Release|Any CPU
	EndGlobalSection
	GlobalSection(SolutionProperties) = preSolution
		HideSolutionNode = FALSE
	EndGlobalSection
	GlobalSection(NestedProjects) = preSolution
		{04451DF4-574A-4F15-812D-C2C9AF1A89F1} = {ED1F48C2-48EC-4FA6-B2FC-1AD3FB78F76F}
		{8A2A5C17-DA29-41F0-A572-EC228C8AFAE4} = {ED1F48C2-48EC-4FA6-B2FC-1AD3FB78F76F}
		{46DDD771-9A22-4271-814D-55A544F60311} = {ED1F48C2-48EC-4FA6-B2FC-1AD3FB78F76F}
		{9674E643-E4D8-4436-B206-8A2381A13CFE} = {ED1F48C2-48EC-4FA6-B2FC-1AD3FB78F76F}
		{00DE2FF0-FA06-4874-AE26-64A4D6081D46} = {8A2A5C17-DA29-41F0-A572-EC228C8AFAE4}
		{F320A255-C1EA-4873-B512-0DBD273417E1} = {8A2A5C17-DA29-41F0-A572-EC228C8AFAE4}
		{33332F5E-1AE8-4272-97DB-FC60D97A278E} = {8A2A5C17-DA29-41F0-A572-EC228C8AFAE4}
		{08CB47CD-7870-4E56-9B09-6717C0AFCD2F} = {8A2A5C17-DA29-41F0-A572-EC228C8AFAE4}
		{41CD8CD5-AF4B-4766-9809-4DD05FC8342A} = {46DDD771-9A22-4271-814D-55A544F60311}
		{480F84D2-F5FD-4A4B-9618-94DEBF911E39} = {46DDD771-9A22-4271-814D-55A544F60311}
		{C8589312-632E-4B57-8F46-9DE0F38104A3} = {46DDD771-9A22-4271-814D-55A544F60311}
		{8C2BDC11-5E68-4CB4-98E1-3DC23C3E5B6F} = {46DDD771-9A22-4271-814D-55A544F60311}
		{4E851D4F-5322-4799-AB75-6D674B4F19DC} = {ED1F48C2-48EC-4FA6-B2FC-1AD3FB78F76F}
		{61488072-A499-447C-85D8-E014C2670230} = {4E851D4F-5322-4799-AB75-6D674B4F19DC}
	EndGlobalSection
	GlobalSection(ExtensibilityGlobals) = postSolution
		SolutionGuid = {46AF0A2D-D23D-436B-864A-A14B068677FD}
	EndGlobalSection
EndGlobal
